
Microsoft Visual Studio Solution File, Format Version 12.00
# Visual Studio Version 16
VisualStudioVersion = 16.0.30509.190
MinimumVisualStudioVersion = 10.0.40219.1
Project("{2150E333-8FDC-42A3-9474-1A3956D46DE8}") = "src", "src", "{7A980C94-3E30-48C3-BF2C-2A715435CDFF}"
EndProject
Project("{2150E333-8FDC-42A3-9474-1A3956D46DE8}") = "samples", "samples", "{76380AEE-A639-40F3-9025-647876BC699E}"
EndProject
Project("{2150E333-8FDC-42A3-9474-1A3956D46DE8}") = "tests", "tests", "{AB65EA85-326D-4F89-B66D-6599A9D5D7C0}"
EndProject
Project("{9A19103F-16F7-4668-BE54-9A1E7A4F7556}") = "Entities", "src\Entities\Entities.csproj", "{CC345D8F-19FB-4CA7-9839-024BB41D2CC9}"
EndProject
Project("{9A19103F-16F7-4668-BE54-9A1E7A4F7556}") = "WebApi", "samples\WebApi\WebApi.csproj", "{DBEC4FB5-C823-4044-9723-E9CCAC54CFD1}"
EndProject
Project("{2150E333-8FDC-42A3-9474-1A3956D46DE8}") = "Solution Items", "Solution Items", "{F623A285-EF61-4D95-95D5-A64211752896}"
	ProjectSection(SolutionItems) = preProject
		.dockerignore = .dockerignore
		.gitattributes = .gitattributes
		.gitignore = .gitignore
		Dockerfile = Dockerfile
		README.md = README.md
	EndProjectSection
EndProject
Project("{9A19103F-16F7-4668-BE54-9A1E7A4F7556}") = "Manager", "src\Manager\Manager.csproj", "{042C5FB8-12F1-47A4-AF2D-B135DF991860}"
EndProject
Global
	GlobalSection(SolutionConfigurationPlatforms) = preSolution
		Debug|Any CPU = Debug|Any CPU
		Release|Any CPU = Release|Any CPU
	EndGlobalSection
	GlobalSection(ProjectConfigurationPlatforms) = postSolution
		{CC345D8F-19FB-4CA7-9839-024BB41D2CC9}.Debug|Any CPU.ActiveCfg = Debug|Any CPU
		{CC345D8F-19FB-4CA7-9839-024BB41D2CC9}.Debug|Any CPU.Build.0 = Debug|Any CPU
		{CC345D8F-19FB-4CA7-9839-024BB41D2CC9}.Release|Any CPU.ActiveCfg = Release|Any CPU
		{CC345D8F-19FB-4CA7-9839-024BB41D2CC9}.Release|Any CPU.Build.0 = Release|Any CPU
		{DBEC4FB5-C823-4044-9723-E9CCAC54CFD1}.Debug|Any CPU.ActiveCfg = Debug|Any CPU
		{DBEC4FB5-C823-4044-9723-E9CCAC54CFD1}.Debug|Any CPU.Build.0 = Debug|Any CPU
		{DBEC4FB5-C823-4044-9723-E9CCAC54CFD1}.Release|Any CPU.ActiveCfg = Release|Any CPU
		{DBEC4FB5-C823-4044-9723-E9CCAC54CFD1}.Release|Any CPU.Build.0 = Release|Any CPU
		{042C5FB8-12F1-47A4-AF2D-B135DF991860}.Debug|Any CPU.ActiveCfg = Debug|Any CPU
		{042C5FB8-12F1-47A4-AF2D-B135DF991860}.Debug|Any CPU.Build.0 = Debug|Any CPU
		{042C5FB8-12F1-47A4-AF2D-B135DF991860}.Release|Any CPU.ActiveCfg = Release|Any CPU
		{042C5FB8-12F1-47A4-AF2D-B135DF991860}.Release|Any CPU.Build.0 = Release|Any CPU
	EndGlobalSection
	GlobalSection(SolutionProperties) = preSolution
		HideSolutionNode = FALSE
	EndGlobalSection
	GlobalSection(NestedProjects) = preSolution
		{CC345D8F-19FB-4CA7-9839-024BB41D2CC9} = {7A980C94-3E30-48C3-BF2C-2A715435CDFF}
		{DBEC4FB5-C823-4044-9723-E9CCAC54CFD1} = {76380AEE-A639-40F3-9025-647876BC699E}
		{042C5FB8-12F1-47A4-AF2D-B135DF991860} = {7A980C94-3E30-48C3-BF2C-2A715435CDFF}
	EndGlobalSection
	GlobalSection(ExtensibilityGlobals) = postSolution
		SolutionGuid = {ED5D1E57-A250-4903-97F0-0680E3DBAD37}
	EndGlobalSection
EndGlobal
